
Microsoft Visual Studio Solution File, Format Version 12.00
# Visual Studio 15
VisualStudioVersion = 15.0.28010.2046
MinimumVisualStudioVersion = 10.0.40219.1
Project("{FAE04EC0-301F-11D3-BF4B-00C04F79EFBC}") = "MouseNet.Forms", "Forms\MouseNet.Forms.csproj", "{820CE272-EA96-43E1-A98A-F9CF1EE474EE}"
EndProject
Project("{FAE04EC0-301F-11D3-BF4B-00C04F79EFBC}") = "MouseNet.Tools", "Tools\MouseNet.Tools.csproj", "{2260125F-0101-4AC1-A42C-503422F46304}"
EndProject
Project("{FAE04EC0-301F-11D3-BF4B-00C04F79EFBC}") = "FormsTesting", "..\FormsTesting\FormsTesting.csproj", "{D6673FE6-513C-4581-935F-53C45B4F4214}"
EndProject
Global
	GlobalSection(SolutionConfigurationPlatforms) = preSolution
		Debug|Any CPU = Debug|Any CPU
		Release|Any CPU = Release|Any CPU
	EndGlobalSection
	GlobalSection(ProjectConfigurationPlatforms) = postSolution
		{820CE272-EA96-43E1-A98A-F9CF1EE474EE}.Debug|Any CPU.ActiveCfg = Debug|Any CPU
		{820CE272-EA96-43E1-A98A-F9CF1EE474EE}.Debug|Any CPU.Build.0 = Debug|Any CPU
		{820CE272-EA96-43E1-A98A-F9CF1EE474EE}.Release|Any CPU.ActiveCfg = Release|Any CPU
		{820CE272-EA96-43E1-A98A-F9CF1EE474EE}.Release|Any CPU.Build.0 = Release|Any CPU
		{2260125F-0101-4AC1-A42C-503422F46304}.Debug|Any CPU.ActiveCfg = Debug|Any CPU
		{2260125F-0101-4AC1-A42C-503422F46304}.Debug|Any CPU.Build.0 = Debug|Any CPU
		{2260125F-0101-4AC1-A42C-503422F46304}.Release|Any CPU.ActiveCfg = Release|Any CPU
		{2260125F-0101-4AC1-A42C-503422F46304}.Release|Any CPU.Build.0 = Release|Any CPU
		{D6673FE6-513C-4581-935F-53C45B4F4214}.Debug|Any CPU.ActiveCfg = Debug|Any CPU
		{D6673FE6-513C-4581-935F-53C45B4F4214}.Debug|Any CPU.Build.0 = Debug|Any CPU
		{D6673FE6-513C-4581-935F-53C45B4F4214}.Release|Any CPU.ActiveCfg = Release|Any CPU
		{D6673FE6-513C-4581-935F-53C45B4F4214}.Release|Any CPU.Build.0 = Release|Any CPU
	EndGlobalSection
	GlobalSection(SolutionProperties) = preSolution
		HideSolutionNode = FALSE
	EndGlobalSection
	GlobalSection(ExtensibilityGlobals) = postSolution
		SolutionGuid = {DD6E19F2-16B2-4D28-8C29-DD406213162D}
	EndGlobalSection
EndGlobal
